
Microsoft Visual Studio Solution File, Format Version 12.00
Project("{2150E333-8FDC-42A3-9474-1A3956D46DE8}") = "ProductMicroservice", "ProductMicroservice", "{BBF0A2E1-108D-4173-9F41-1BFB96C4B4AD}"
EndProject
Project("{2150E333-8FDC-42A3-9474-1A3956D46DE8}") = "OrderMicroservice", "OrderMicroservice", "{EFACC989-44FB-4F1C-8837-E47F0E43E2E0}"
EndProject
Project("{2150E333-8FDC-42A3-9474-1A3956D46DE8}") = "CustomerMicroservice", "CustomerMicroservice", "{37B5D117-D6F7-4486-8005-2BB026831430}"
EndProject
Project("{FAE04EC0-301F-11D3-BF4B-00C04F79EFBC}") = "ProductApi", "ProductApi\ProductApi.csproj", "{3E627D8F-5B20-464A-8DFD-0B96467BFB49}"
EndProject
Project("{FAE04EC0-301F-11D3-BF4B-00C04F79EFBC}") = "ProductApi.Infrastructure", "ProductApi.Infrastructure\ProductApi.Infrastructure.csproj", "{2767AE19-B6D3-414D-B7CC-A1E59B7F9920}"
EndProject
Project("{FAE04EC0-301F-11D3-BF4B-00C04F79EFBC}") = "ProductApi.Core", "ProductApi.Core\ProductApi.Core.csproj", "{FD84A3DB-C99E-4839-85A9-3E3881EA0A5E}"
EndProject
Project("{FAE04EC0-301F-11D3-BF4B-00C04F79EFBC}") = "CustomerApi", "CustomerApi\CustomerApi.csproj", "{8E799824-60F1-449C-AC1D-6A861485ACCA}"
EndProject
Project("{FAE04EC0-301F-11D3-BF4B-00C04F79EFBC}") = "CustomerApi.Core", "CustomerApi.Core\CustomerApi.Core.csproj", "{C9AD376D-5ED4-4C6F-A0BA-FE6BD4265E57}"
EndProject
Project("{FAE04EC0-301F-11D3-BF4B-00C04F79EFBC}") = "CustomerApi.Infrastructure", "CustomerApi.Infrastructure\CustomerApi.Infrastructure.csproj", "{898389A3-8CCC-4F9C-9F0F-99D3D637194D}"
EndProject
Project("{2150E333-8FDC-42A3-9474-1A3956D46DE8}") = "Solution Items", "Solution Items", "{DB551208-7B17-49CE-87FB-913BF1F94072}"
	ProjectSection(SolutionItems) = preProject
		docker-compose.yml = docker-compose.yml
	EndProjectSection
EndProject
Project("{FAE04EC0-301F-11D3-BF4B-00C04F79EFBC}") = "OrderApi", "OrderApi\OrderApi.csproj", "{727B9305-2F3D-4AD5-85EB-E7D0C9E78B63}"
EndProject
Project("{FAE04EC0-301F-11D3-BF4B-00C04F79EFBC}") = "OrderApi.Core", "OrderApi.Core\OrderApi.Core.csproj", "{DADD1C04-1D94-474B-AEF4-1A83C4C6D1F1}"
EndProject
Project("{FAE04EC0-301F-11D3-BF4B-00C04F79EFBC}") = "OrderApi.Infrastructure", "OrderApi.Infrastructure\OrderApi.Infrastructure.csproj", "{A1CD4F4C-539F-490A-80A6-DE96E736F92E}"
EndProject
Project("{2150E333-8FDC-42A3-9474-1A3956D46DE8}") = "JWTAuthentication", "JWTAuthentication", "{3DEF3198-5980-4D21-AD35-D9DFF430849C}"
EndProject
Project("{FAE04EC0-301F-11D3-BF4B-00C04F79EFBC}") = "JwtAuthenticationManager", "JwtAuthenticationManager\JwtAuthenticationManager.csproj", "{DAB4F1A7-837D-4CC3-8DE5-60FFFA2F93E2}"
EndProject
Project("{2150E333-8FDC-42A3-9474-1A3956D46DE8}") = "AuthenticationMicroservice", "AuthenticationMicroservice", "{35745DCF-4BE3-4520-8E90-0E145C4ECA2C}"
EndProject
Project("{FAE04EC0-301F-11D3-BF4B-00C04F79EFBC}") = "AuthenticationApi", "AuthenticationApi\AuthenticationApi.csproj", "{ADF4CB97-2E9D-4A0A-8AB4-6C8D575AE2B0}"
EndProject
Project("{2150E333-8FDC-42A3-9474-1A3956D46DE8}") = "ShopingCartMircoservice", "ShopingCartMircoservice", "{A34DE34B-1713-421D-983C-095A8E49BCE4}"
EndProject
Project("{FAE04EC0-301F-11D3-BF4B-00C04F79EFBC}") = "ShoppingCartApi", "ShoppingCartApi\ShoppingCartApi.csproj", "{03AEC767-5861-4188-A641-CC2D84C2C371}"
EndProject
Project("{FAE04EC0-301F-11D3-BF4B-00C04F79EFBC}") = "ShopingCartApi.Core", "ShopingCartApi.Core\ShopingCartApi.Core.csproj", "{19B89AAF-4DB6-44C6-8EEA-A48006DE3A76}"
EndProject
Project("{FAE04EC0-301F-11D3-BF4B-00C04F79EFBC}") = "ShoppingCartApi.Infrastructure", "ShoppingCartApi.Infrastructure\ShoppingCartApi.Infrastructure.csproj", "{2D4B5BD6-9BBA-4D0A-9269-8CC3B22F7902}"
EndProject
Project("{2150E333-8FDC-42A3-9474-1A3956D46DE8}") = "NotificationMicroservice", "NotificationMicroservice", "{799DA815-6C4C-4309-815F-B44D00AA3633}"
EndProject
Project("{FAE04EC0-301F-11D3-BF4B-00C04F79EFBC}") = "SharedServiceMessage", "SharedServiceMessage\SharedServiceMessage.csproj", "{13D95E9E-8AC5-4B36-B9D9-E2FEFB07E40D}"
EndProject
Project("{FAE04EC0-301F-11D3-BF4B-00C04F79EFBC}") = "NotificationApi", "NotificationApi\NotificationApi.csproj", "{5A4DF027-AB83-4641-A8AD-EBA47CE04B51}"
EndProject
Project("{FAE04EC0-301F-11D3-BF4B-00C04F79EFBC}") = "Authentication.Core", "Authentication.Core\Authentication.Core.csproj", "{A5B03EE0-BF40-4E08-AEDA-3B2F4E36AE9B}"
EndProject
Project("{FAE04EC0-301F-11D3-BF4B-00C04F79EFBC}") = "Authentication.Infrastructure", "Authentication.Infrastructure\Authentication.Infrastructure.csproj", "{19A6229B-A164-4428-8853-9C4B848C9ECE}"
EndProject
Project("{FAE04EC0-301F-11D3-BF4B-00C04F79EFBC}") = "EShopMicroservice.UnitTest", "EShopMicroservice.UnitTest\EShopMicroservice.UnitTest.csproj", "{0BF71ABD-74D0-4F46-8B70-68A46AA09CD9}"
EndProject
Global
	GlobalSection(SolutionConfigurationPlatforms) = preSolution
		Debug|Any CPU = Debug|Any CPU
		Release|Any CPU = Release|Any CPU
	EndGlobalSection
	GlobalSection(NestedProjects) = preSolution
		{3E627D8F-5B20-464A-8DFD-0B96467BFB49} = {BBF0A2E1-108D-4173-9F41-1BFB96C4B4AD}
		{2767AE19-B6D3-414D-B7CC-A1E59B7F9920} = {BBF0A2E1-108D-4173-9F41-1BFB96C4B4AD}
		{FD84A3DB-C99E-4839-85A9-3E3881EA0A5E} = {BBF0A2E1-108D-4173-9F41-1BFB96C4B4AD}
		{8E799824-60F1-449C-AC1D-6A861485ACCA} = {37B5D117-D6F7-4486-8005-2BB026831430}
		{C9AD376D-5ED4-4C6F-A0BA-FE6BD4265E57} = {37B5D117-D6F7-4486-8005-2BB026831430}
		{898389A3-8CCC-4F9C-9F0F-99D3D637194D} = {37B5D117-D6F7-4486-8005-2BB026831430}
		{727B9305-2F3D-4AD5-85EB-E7D0C9E78B63} = {EFACC989-44FB-4F1C-8837-E47F0E43E2E0}
		{DADD1C04-1D94-474B-AEF4-1A83C4C6D1F1} = {EFACC989-44FB-4F1C-8837-E47F0E43E2E0}
		{A1CD4F4C-539F-490A-80A6-DE96E736F92E} = {EFACC989-44FB-4F1C-8837-E47F0E43E2E0}
		{DAB4F1A7-837D-4CC3-8DE5-60FFFA2F93E2} = {3DEF3198-5980-4D21-AD35-D9DFF430849C}
		{ADF4CB97-2E9D-4A0A-8AB4-6C8D575AE2B0} = {35745DCF-4BE3-4520-8E90-0E145C4ECA2C}
		{03AEC767-5861-4188-A641-CC2D84C2C371} = {A34DE34B-1713-421D-983C-095A8E49BCE4}
		{19B89AAF-4DB6-44C6-8EEA-A48006DE3A76} = {A34DE34B-1713-421D-983C-095A8E49BCE4}
		{2D4B5BD6-9BBA-4D0A-9269-8CC3B22F7902} = {A34DE34B-1713-421D-983C-095A8E49BCE4}
		{5A4DF027-AB83-4641-A8AD-EBA47CE04B51} = {799DA815-6C4C-4309-815F-B44D00AA3633}
		{A5B03EE0-BF40-4E08-AEDA-3B2F4E36AE9B} = {35745DCF-4BE3-4520-8E90-0E145C4ECA2C}
		{19A6229B-A164-4428-8853-9C4B848C9ECE} = {35745DCF-4BE3-4520-8E90-0E145C4ECA2C}
	EndGlobalSection
	GlobalSection(ProjectConfigurationPlatforms) = postSolution
		{3E627D8F-5B20-464A-8DFD-0B96467BFB49}.Debug|Any CPU.ActiveCfg = Debug|Any CPU
		{3E627D8F-5B20-464A-8DFD-0B96467BFB49}.Debug|Any CPU.Build.0 = Debug|Any CPU
		{3E627D8F-5B20-464A-8DFD-0B96467BFB49}.Release|Any CPU.ActiveCfg = Release|Any CPU
		{3E627D8F-5B20-464A-8DFD-0B96467BFB49}.Release|Any CPU.Build.0 = Release|Any CPU
		{2767AE19-B6D3-414D-B7CC-A1E59B7F9920}.Debug|Any CPU.ActiveCfg = Debug|Any CPU
		{2767AE19-B6D3-414D-B7CC-A1E59B7F9920}.Debug|Any CPU.Build.0 = Debug|Any CPU
		{2767AE19-B6D3-414D-B7CC-A1E59B7F9920}.Release|Any CPU.ActiveCfg = Release|Any CPU
		{2767AE19-B6D3-414D-B7CC-A1E59B7F9920}.Release|Any CPU.Build.0 = Release|Any CPU
		{FD84A3DB-C99E-4839-85A9-3E3881EA0A5E}.Debug|Any CPU.ActiveCfg = Debug|Any CPU
		{FD84A3DB-C99E-4839-85A9-3E3881EA0A5E}.Debug|Any CPU.Build.0 = Debug|Any CPU
		{FD84A3DB-C99E-4839-85A9-3E3881EA0A5E}.Release|Any CPU.ActiveCfg = Release|Any CPU
		{FD84A3DB-C99E-4839-85A9-3E3881EA0A5E}.Release|Any CPU.Build.0 = Release|Any CPU
		{8E799824-60F1-449C-AC1D-6A861485ACCA}.Debug|Any CPU.ActiveCfg = Debug|Any CPU
		{8E799824-60F1-449C-AC1D-6A861485ACCA}.Debug|Any CPU.Build.0 = Debug|Any CPU
		{8E799824-60F1-449C-AC1D-6A861485ACCA}.Release|Any CPU.ActiveCfg = Release|Any CPU
		{8E799824-60F1-449C-AC1D-6A861485ACCA}.Release|Any CPU.Build.0 = Release|Any CPU
		{C9AD376D-5ED4-4C6F-A0BA-FE6BD4265E57}.Debug|Any CPU.ActiveCfg = Debug|Any CPU
		{C9AD376D-5ED4-4C6F-A0BA-FE6BD4265E57}.Debug|Any CPU.Build.0 = Debug|Any CPU
		{C9AD376D-5ED4-4C6F-A0BA-FE6BD4265E57}.Release|Any CPU.ActiveCfg = Release|Any CPU
		{C9AD376D-5ED4-4C6F-A0BA-FE6BD4265E57}.Release|Any CPU.Build.0 = Release|Any CPU
		{898389A3-8CCC-4F9C-9F0F-99D3D637194D}.Debug|Any CPU.ActiveCfg = Debug|Any CPU
		{898389A3-8CCC-4F9C-9F0F-99D3D637194D}.Debug|Any CPU.Build.0 = Debug|Any CPU
		{898389A3-8CCC-4F9C-9F0F-99D3D637194D}.Release|Any CPU.ActiveCfg = Release|Any CPU
		{898389A3-8CCC-4F9C-9F0F-99D3D637194D}.Release|Any CPU.Build.0 = Release|Any CPU
		{727B9305-2F3D-4AD5-85EB-E7D0C9E78B63}.Debug|Any CPU.ActiveCfg = Debug|Any CPU
		{727B9305-2F3D-4AD5-85EB-E7D0C9E78B63}.Debug|Any CPU.Build.0 = Debug|Any CPU
		{727B9305-2F3D-4AD5-85EB-E7D0C9E78B63}.Release|Any CPU.ActiveCfg = Release|Any CPU
		{727B9305-2F3D-4AD5-85EB-E7D0C9E78B63}.Release|Any CPU.Build.0 = Release|Any CPU
		{DADD1C04-1D94-474B-AEF4-1A83C4C6D1F1}.Debug|Any CPU.ActiveCfg = Debug|Any CPU
		{DADD1C04-1D94-474B-AEF4-1A83C4C6D1F1}.Debug|Any CPU.Build.0 = Debug|Any CPU
		{DADD1C04-1D94-474B-AEF4-1A83C4C6D1F1}.Release|Any CPU.ActiveCfg = Release|Any CPU
		{DADD1C04-1D94-474B-AEF4-1A83C4C6D1F1}.Release|Any CPU.Build.0 = Release|Any CPU
		{A1CD4F4C-539F-490A-80A6-DE96E736F92E}.Debug|Any CPU.ActiveCfg = Debug|Any CPU
		{A1CD4F4C-539F-490A-80A6-DE96E736F92E}.Debug|Any CPU.Build.0 = Debug|Any CPU
		{A1CD4F4C-539F-490A-80A6-DE96E736F92E}.Release|Any CPU.ActiveCfg = Release|Any CPU
		{A1CD4F4C-539F-490A-80A6-DE96E736F92E}.Release|Any CPU.Build.0 = Release|Any CPU
		{DAB4F1A7-837D-4CC3-8DE5-60FFFA2F93E2}.Debug|Any CPU.ActiveCfg = Debug|Any CPU
		{DAB4F1A7-837D-4CC3-8DE5-60FFFA2F93E2}.Debug|Any CPU.Build.0 = Debug|Any CPU
		{DAB4F1A7-837D-4CC3-8DE5-60FFFA2F93E2}.Release|Any CPU.ActiveCfg = Release|Any CPU
		{DAB4F1A7-837D-4CC3-8DE5-60FFFA2F93E2}.Release|Any CPU.Build.0 = Release|Any CPU
		{ADF4CB97-2E9D-4A0A-8AB4-6C8D575AE2B0}.Debug|Any CPU.ActiveCfg = Debug|Any CPU
		{ADF4CB97-2E9D-4A0A-8AB4-6C8D575AE2B0}.Debug|Any CPU.Build.0 = Debug|Any CPU
		{ADF4CB97-2E9D-4A0A-8AB4-6C8D575AE2B0}.Release|Any CPU.ActiveCfg = Release|Any CPU
		{ADF4CB97-2E9D-4A0A-8AB4-6C8D575AE2B0}.Release|Any CPU.Build.0 = Release|Any CPU
		{03AEC767-5861-4188-A641-CC2D84C2C371}.Debug|Any CPU.ActiveCfg = Debug|Any CPU
		{03AEC767-5861-4188-A641-CC2D84C2C371}.Debug|Any CPU.Build.0 = Debug|Any CPU
		{03AEC767-5861-4188-A641-CC2D84C2C371}.Release|Any CPU.ActiveCfg = Release|Any CPU
		{03AEC767-5861-4188-A641-CC2D84C2C371}.Release|Any CPU.Build.0 = Release|Any CPU
		{19B89AAF-4DB6-44C6-8EEA-A48006DE3A76}.Debug|Any CPU.ActiveCfg = Debug|Any CPU
		{19B89AAF-4DB6-44C6-8EEA-A48006DE3A76}.Debug|Any CPU.Build.0 = Debug|Any CPU
		{19B89AAF-4DB6-44C6-8EEA-A48006DE3A76}.Release|Any CPU.ActiveCfg = Release|Any CPU
		{19B89AAF-4DB6-44C6-8EEA-A48006DE3A76}.Release|Any CPU.Build.0 = Release|Any CPU
		{2D4B5BD6-9BBA-4D0A-9269-8CC3B22F7902}.Debug|Any CPU.ActiveCfg = Debug|Any CPU
		{2D4B5BD6-9BBA-4D0A-9269-8CC3B22F7902}.Debug|Any CPU.Build.0 = Debug|Any CPU
		{2D4B5BD6-9BBA-4D0A-9269-8CC3B22F7902}.Release|Any CPU.ActiveCfg = Release|Any CPU
		{2D4B5BD6-9BBA-4D0A-9269-8CC3B22F7902}.Release|Any CPU.Build.0 = Release|Any CPU
		{13D95E9E-8AC5-4B36-B9D9-E2FEFB07E40D}.Debug|Any CPU.ActiveCfg = Debug|Any CPU
		{13D95E9E-8AC5-4B36-B9D9-E2FEFB07E40D}.Debug|Any CPU.Build.0 = Debug|Any CPU
		{13D95E9E-8AC5-4B36-B9D9-E2FEFB07E40D}.Release|Any CPU.ActiveCfg = Release|Any CPU
		{13D95E9E-8AC5-4B36-B9D9-E2FEFB07E40D}.Release|Any CPU.Build.0 = Release|Any CPU
		{5A4DF027-AB83-4641-A8AD-EBA47CE04B51}.Debug|Any CPU.ActiveCfg = Debug|Any CPU
		{5A4DF027-AB83-4641-A8AD-EBA47CE04B51}.Debug|Any CPU.Build.0 = Debug|Any CPU
		{5A4DF027-AB83-4641-A8AD-EBA47CE04B51}.Release|Any CPU.ActiveCfg = Release|Any CPU
		{5A4DF027-AB83-4641-A8AD-EBA47CE04B51}.Release|Any CPU.Build.0 = Release|Any CPU
		{A5B03EE0-BF40-4E08-AEDA-3B2F4E36AE9B}.Debug|Any CPU.ActiveCfg = Debug|Any CPU
		{A5B03EE0-BF40-4E08-AEDA-3B2F4E36AE9B}.Debug|Any CPU.Build.0 = Debug|Any CPU
		{A5B03EE0-BF40-4E08-AEDA-3B2F4E36AE9B}.Release|Any CPU.ActiveCfg = Release|Any CPU
		{A5B03EE0-BF40-4E08-AEDA-3B2F4E36AE9B}.Release|Any CPU.Build.0 = Release|Any CPU
		{19A6229B-A164-4428-8853-9C4B848C9ECE}.Debug|Any CPU.ActiveCfg = Debug|Any CPU
		{19A6229B-A164-4428-8853-9C4B848C9ECE}.Debug|Any CPU.Build.0 = Debug|Any CPU
		{19A6229B-A164-4428-8853-9C4B848C9ECE}.Release|Any CPU.ActiveCfg = Release|Any CPU
		{19A6229B-A164-4428-8853-9C4B848C9ECE}.Release|Any CPU.Build.0 = Release|Any CPU
		{0BF71ABD-74D0-4F46-8B70-68A46AA09CD9}.Debug|Any CPU.ActiveCfg = Debug|Any CPU
		{0BF71ABD-74D0-4F46-8B70-68A46AA09CD9}.Debug|Any CPU.Build.0 = Debug|Any CPU
		{0BF71ABD-74D0-4F46-8B70-68A46AA09CD9}.Release|Any CPU.ActiveCfg = Release|Any CPU
		{0BF71ABD-74D0-4F46-8B70-68A46AA09CD9}.Release|Any CPU.Build.0 = Release|Any CPU
	EndGlobalSection
EndGlobal
